
Microsoft Visual Studio Solution File, Format Version 12.00
# Visual Studio Version 17
VisualStudioVersion = 17.9.34728.123
MinimumVisualStudioVersion = 10.0.40219.1
Project("{FAE04EC0-301F-11D3-BF4B-00C04F79EFBC}") = "Finanzas", "Finanzas\Finanzas.csproj", "{1045E9D7-929B-4361-9BEF-2C4E5FC1AE55}"
EndProject
Global
	GlobalSection(SolutionConfigurationPlatforms) = preSolution
		Debug|Any CPU = Debug|Any CPU
		Release|Any CPU = Release|Any CPU
	EndGlobalSection
	GlobalSection(ProjectConfigurationPlatforms) = postSolution
		{1045E9D7-929B-4361-9BEF-2C4E5FC1AE55}.Debug|Any CPU.ActiveCfg = Debug|Any CPU
		{1045E9D7-929B-4361-9BEF-2C4E5FC1AE55}.Debug|Any CPU.Build.0 = Debug|Any CPU
		{1045E9D7-929B-4361-9BEF-2C4E5FC1AE55}.Release|Any CPU.ActiveCfg = Release|Any CPU
		{1045E9D7-929B-4361-9BEF-2C4E5FC1AE55}.Release|Any CPU.Build.0 = Release|Any CPU
	EndGlobalSection
	GlobalSection(SolutionProperties) = preSolution
		HideSolutionNode = FALSE
	EndGlobalSection
	GlobalSection(ExtensibilityGlobals) = postSolution
		SolutionGuid = {F059C676-46C9-4C98-B958-C38E20F3C210}
	EndGlobalSection
EndGlobal
